lockfileVersion: '9.0'

settings:
  autoInstallPeers: true
  excludeLinksFromLockfile: false

importers:
  .:
    dependencies:
      '@gitbeaker/rest':
        specifier: ^42.5.0
        version: 42.5.0
      chalk:
        specifier: ^5.4.1
        version: 5.4.1
      commander:
        specifier: ^14.0.0
        version: 14.0.0
      date-fns:
        specifier: ^4.1.0
        version: 4.1.0
      debug:
        specifier: ^4.4.1
        version: 4.4.1
      inquirer:
        specifier: ^12.6.2
        version: 12.6.2
      lodash-es:
        specifier: ^4.17.21
        version: 4.17.21
      ora:
        specifier: ^8.2.0
        version: 8.2.0
      yaml:
        specifier: ^2.8.0
        version: 2.8.0
      zod:
        specifier: ^3.25.28
        version: 3.25.28

packages:
  '@gitbeaker/core@42.5.0':
    resolution:
      {
        integrity: sha512-rMWpOPaZi1iLiifnOIoVO57p2EmQQdfIwP4txqNyMvG4WjYP5Ez0U7jRD9Nra41x6K5kTPBZkuQcAdxVWRJcEQ==,
      }
    engines: { node: '>=18.20.0' }

  '@gitbeaker/requester-utils@42.5.0':
    resolution:
      {
        integrity: sha512-HLdLS9LPBMVQumvroQg/4qkphLDtwDB+ygEsrD2u4oYCMUtXV4V1xaVqU4yTXjbTJ5sItOtdB43vYRkBcgueBw==,
      }
    engines: { node: '>=18.20.0' }

  '@gitbeaker/rest@42.5.0':
    resolution:
      {
        integrity: sha512-oC5cM6jS7aFOp0luTw5mWSRuMgdxwHRLZQ/aWkI+ETMfsprR/HyxsXfljlMY/XJ/fRxTbRJiodR5Axf66WjO3w==,
      }
    engines: { node: '>=18.20.0' }

  '@inquirer/checkbox@4.1.7':
    resolution:
      {
        integrity: sha512-VEr2vnI4TSM2Q50fAck98mzWJGAoxbF0rb48tcSEjkJ2kn3mM6c/YsJwnyu45PlXd6aNWObMGWmQVleL2BJy6w==,
      }
    engines: { node: '>=18' }
    peerDependencies:
      '@types/node': '>=18'
    peerDependenciesMeta:
      '@types/node':
        optional: true

  '@inquirer/confirm@5.1.11':
    resolution:
      {
        integrity: sha512-HgVha2B1lurfZ8u7cBWmu60HpkpnnIT/1IrreBx5g2oxQOVYU15WQDl6oZqjuXVbzteFKSpmMkLTMf2OmbUjaw==,
      }
    engines: { node: '>=18' }
    peerDependencies:
      '@types/node': '>=18'
    peerDependenciesMeta:
      '@types/node':
        optional: true

  '@inquirer/core@10.1.12':
    resolution:
      {
        integrity: sha512-uoaDadeJCYSVKYCMPwJi3AjCF9w+l9aWbHYA4iskKX84cVW/A2M6bJlWBoy3k81GpFp6EX3IElV1Z5xKw0g1QQ==,
      }
    engines: { node: '>=18' }
    peerDependencies:
      '@types/node': '>=18'
    peerDependenciesMeta:
      '@types/node':
        optional: true

  '@inquirer/editor@4.2.12':
    resolution:
      {
        integrity: sha512-YNOCY79iqI/ksWohdudGtnO02N/a2j82b6akK/+hy1/C6xoU07dsKFUBfQ36nLCxE98ICS74Uyandq7nBS31Mw==,
      }
    engines: { node: '>=18' }
    peerDependencies:
      '@types/node': '>=18'
    peerDependenciesMeta:
      '@types/node':
        optional: true

  '@inquirer/expand@4.0.14':
    resolution:
      {
        integrity: sha512-aon4yACMp4Qwc/2f6xafcC6jzAJ5vXBwL5+z4bS2y4YIOGF+QOe+Jzd5hLz1hOo+bhzVS7q07dNXTeBjaFAqRA==,
      }
    engines: { node: '>=18' }
    peerDependencies:
      '@types/node': '>=18'
    peerDependenciesMeta:
      '@types/node':
        optional: true

  '@inquirer/figures@1.0.12':
    resolution:
      {
        integrity: sha512-MJttijd8rMFcKJC8NYmprWr6hD3r9Gd9qUC0XwPNwoEPWSMVJwA2MlXxF+nhZZNMY+HXsWa+o7KY2emWYIn0jQ==,
      }
    engines: { node: '>=18' }

  '@inquirer/input@4.1.11':
    resolution:
      {
        integrity: sha512-gzcBWLWMiBaY507HFg4B1NJ18InnHhLjj4DTLfyoz9Rv7dSPpJ9JSj7Of8ea5QE2D+ms3ESTl/4MdzrC1//B0Q==,
      }
    engines: { node: '>=18' }
    peerDependencies:
      '@types/node': '>=18'
    peerDependenciesMeta:
      '@types/node':
        optional: true

  '@inquirer/number@3.0.14':
    resolution:
      {
        integrity: sha512-8B4jX8ArK9zvb8/tB04jGLja4XoFfjvrTLJ5YeLlFnJh3jPa9VTQt2kxJZubGKc8YHX68e1XQxv4Nu/WZUnXIw==,
      }
    engines: { node: '>=18' }
    peerDependencies:
      '@types/node': '>=18'
    peerDependenciesMeta:
      '@types/node':
        optional: true

  '@inquirer/password@4.0.14':
    resolution:
      {
        integrity: sha512-/N/5PeI+QWE23dTn2D4erD9Y3yYeh0bUDkO9tt2d11mAVuCswiOKzoHrV9KYGQhoD6ae+Nff1G8TPqbfUUh8Ag==,
      }
    engines: { node: '>=18' }
    peerDependencies:
      '@types/node': '>=18'
    peerDependenciesMeta:
      '@types/node':
        optional: true

  '@inquirer/prompts@7.5.2':
    resolution:
      {
        integrity: sha512-+jsUm6G9X5PUD97HkcGojzwyPsz5oSB2FUbj+D+NOYFQUj0XqvhDcDfk9mhMxFG/RDIgT9Kq4x0rm5pC5zVHUg==,
      }
    engines: { node: '>=18' }
    peerDependencies:
      '@types/node': '>=18'
    peerDependenciesMeta:
      '@types/node':
        optional: true

  '@inquirer/rawlist@4.1.2':
    resolution:
      {
        integrity: sha512-VDuhV58w3FuKNl24GR9ygdbu3NkGfuaK7D2gyMWeY79Lr4GVbj7ySxw1isAnelSzU1ecZC/TwICa5rCy0za2OA==,
      }
    engines: { node: '>=18' }
    peerDependencies:
      '@types/node': '>=18'
    peerDependenciesMeta:
      '@types/node':
        optional: true

  '@inquirer/search@3.0.14':
    resolution:
      {
        integrity: sha512-+VdtRD5nVR50K5fEMq/qbtHGH08vfqm69NJtojavlMXj6fsYymQZrNqjxEISPs2PDvtsemTJVFGs0uI6Zti6Dw==,
      }
    engines: { node: '>=18' }
    peerDependencies:
      '@types/node': '>=18'
    peerDependenciesMeta:
      '@types/node':
        optional: true

  '@inquirer/select@4.2.2':
    resolution:
      {
        integrity: sha512-3X8AAPE1WPUwY3IawT19BapD0kKpAUP7SVUu5mxmRjnl/f4q0MQz8CU8ToCC6Im0SzyOTWmSauE3GBgyOv1rBw==,
      }
    engines: { node: '>=18' }
    peerDependencies:
      '@types/node': '>=18'
    peerDependenciesMeta:
      '@types/node':
        optional: true

  '@inquirer/type@3.0.7':
    resolution:
      {
        integrity: sha512-PfunHQcjwnju84L+ycmcMKB/pTPIngjUJvfnRhKY6FKPuYXlM4aQCb/nIdTFR6BEhMjFvngzvng/vBAJMZpLSA==,
      }
    engines: { node: '>=18' }
    peerDependencies:
      '@types/node': '>=18'
    peerDependenciesMeta:
      '@types/node':
        optional: true

  ansi-escapes@4.3.2:
    resolution:
      {
        integrity: sha512-gKXj5ALrKWQLsYG9jlTRmR/xKluxHV+Z9QEwNIgCfM1/uwPMCuzVVnh5mwTd+OuBZcwSIMbqssNWRm1lE51QaQ==,
      }
    engines: { node: '>=8' }

  ansi-regex@5.0.1:
    resolution:
      {
        integrity: sha512-quJQXlTSUGL2LH9SUXo8VwsY4soanhgo6LNSm84E1LBcE8s3O0wpdiRzyR9z/ZZJMlMWv37qOOb9pdJlMUEKFQ==,
      }
    engines: { node: '>=8' }

  ansi-regex@6.1.0:
    resolution:
      {
        integrity: sha512-7HSX4QQb4CspciLpVFwyRe79O3xsIZDDLER21kERQ71oaPodF8jL725AgJMFAYbooIqolJoRLuM81SpeUkpkvA==,
      }
    engines: { node: '>=12' }

  ansi-styles@4.3.0:
    resolution:
      {
        integrity: sha512-zbB9rCJAT1rbjiVDb2hqKFHNYLxgtk8NURxZ3IZwD3F6NtxbXZQCnnSi1Lkx+IDohdPlFp222wVALIheZJQSEg==,
      }
    engines: { node: '>=8' }

  call-bind-apply-helpers@1.0.2:
    resolution:
      {
        integrity: sha512-Sp1ablJ0ivDkSzjcaJdxEunN5/XvksFJ2sMBFfq6x0ryhQV/2b/KwFe21cMpmHtPOSij8K99/wSfoEuTObmuMQ==,
      }
    engines: { node: '>= 0.4' }

  call-bound@1.0.4:
    resolution:
      {
        integrity: sha512-+ys997U96po4Kx/ABpBCqhA9EuxJaQWDQg7295H4hBphv3IZg0boBKuwYpt4YXp6MZ5AmZQnU/tyMTlRpaSejg==,
      }
    engines: { node: '>= 0.4' }

  chalk@5.4.1:
    resolution:
      {
        integrity: sha512-zgVZuo2WcZgfUEmsn6eO3kINexW8RAE4maiQ8QNs8CtpPCSyMiYsULR3HQYkm3w8FIA3SberyMJMSldGsW+U3w==,
      }
    engines: { node: ^12.17.0 || ^14.13 || >=16.0.0 }

  chardet@0.7.0:
    resolution:
      {
        integrity: sha512-mT8iDcrh03qDGRRmoA2hmBJnxpllMR+0/0qlzjqZES6NdiWDcZkCNAk4rPFZ9Q85r27unkiNNg8ZOiwZXBHwcA==,
      }

  cli-cursor@5.0.0:
    resolution:
      {
        integrity: sha512-aCj4O5wKyszjMmDT4tZj93kxyydN/K5zPWSCe6/0AV/AA1pqe5ZBIw0a2ZfPQV7lL5/yb5HsUreJ6UFAF1tEQw==,
      }
    engines: { node: '>=18' }

  cli-spinners@2.9.2:
    resolution:
      {
        integrity: sha512-ywqV+5MmyL4E7ybXgKys4DugZbX0FC6LnwrhjuykIjnK9k8OQacQ7axGKnjDXWNhns0xot3bZI5h55H8yo9cJg==,
      }
    engines: { node: '>=6' }

  cli-width@4.1.0:
    resolution:
      {
        integrity: sha512-ouuZd4/dm2Sw5Gmqy6bGyNNNe1qt9RpmxveLSO7KcgsTnU7RXfsw+/bukWGo1abgBiMAic068rclZsO4IWmmxQ==,
      }
    engines: { node: '>= 12' }

  color-convert@2.0.1:
    resolution:
      {
        integrity: sha512-RRECPsj7iu/xb5oKYcsFHSppFNnsj/52OVTRKb4zP5onXwVF3zVmmToNcOfGC+CRDpfK/U584fMg38ZHCaElKQ==,
      }
    engines: { node: '>=7.0.0' }

  color-name@1.1.4:
    resolution:
      {
        integrity: sha512-dOy+3AuW3a2wNbZHIuMZpTcgjGuLU/uBL/ubcZF9OXbDo8ff4O8yVp5Bf0efS8uEoYo5q4Fx7dY9OgQGXgAsQA==,
      }

  commander@14.0.0:
    resolution:
      {
        integrity: sha512-2uM9rYjPvyq39NwLRqaiLtWHyDC1FvryJDa2ATTVims5YAS4PupsEQsDvP14FqhFr0P49CYDugi59xaxJlTXRA==,
      }
    engines: { node: '>=20' }

  date-fns@4.1.0:
    resolution:
      {
        integrity: sha512-Ukq0owbQXxa/U3EGtsdVBkR1w7KOQ5gIBqdH2hkvknzZPYvBxb/aa6E8L7tmjFtkwZBu3UXBbjIgPo/Ez4xaNg==,
      }

  debug@4.4.1:
    resolution:
      {
        integrity: sha512-KcKCqiftBJcZr++7ykoDIEwSa3XWowTfNPo92BYxjXiyYEVrUQh2aLyhxBCwww+heortUFxEJYcRzosstTEBYQ==,
      }
    engines: { node: '>=6.0' }
    peerDependencies:
      supports-color: '*'
    peerDependenciesMeta:
      supports-color:
        optional: true

  dunder-proto@1.0.1:
    resolution:
      {
        integrity: sha512-KIN/nDJBQRcXw0MLVhZE9iQHmG68qAVIBg9CqmUYjmQIhgij9U5MFvrqkUL5FbtyyzZuOeOt0zdeRe4UY7ct+A==,
      }
    engines: { node: '>= 0.4' }

  emoji-regex@10.4.0:
    resolution:
      {
        integrity: sha512-EC+0oUMY1Rqm4O6LLrgjtYDvcVYTy7chDnM4Q7030tP4Kwj3u/pR6gP9ygnp2CJMK5Gq+9Q2oqmrFJAz01DXjw==,
      }

  emoji-regex@8.0.0:
    resolution:
      {
        integrity: sha512-MSjYzcWNOA0ewAHpz0MxpYFvwg6yjy1NG3xteoqz644VCo/RPgnr1/GGt+ic3iJTzQ8Eu3TdM14SawnVUmGE6A==,
      }

  es-define-property@1.0.1:
    resolution:
      {
        integrity: sha512-e3nRfgfUZ4rNGL232gUgX06QNyyez04KdjFrF+LTRoOXmrOgFKDg4BCdsjW8EnT69eqdYGmRpJwiPVYNrCaW3g==,
      }
    engines: { node: '>= 0.4' }

  es-errors@1.3.0:
    resolution:
      {
        integrity: sha512-Zf5H2Kxt2xjTvbJvP2ZWLEICxA6j+hAmMzIlypy4xcBg1vKVnx89Wy0GbS+kf5cwCVFFzdCFh2XSCFNULS6csw==,
      }
    engines: { node: '>= 0.4' }

  es-object-atoms@1.1.1:
    resolution:
      {
        integrity: sha512-FGgH2h8zKNim9ljj7dankFPcICIK9Cp5bm+c2gQSYePhpaG5+esrLODihIorn+Pe6FGJzWhXQotPv73jTaldXA==,
      }
    engines: { node: '>= 0.4' }

  external-editor@3.1.0:
    resolution:
      {
        integrity: sha512-hMQ4CX1p1izmuLYyZqLMO/qGNw10wSv9QDCPfzXfyFrOaCSSoRfqE1Kf1s5an66J5JZC62NewG+mK49jOCtQew==,
      }
    engines: { node: '>=4' }

  function-bind@1.1.2:
    resolution:
      {
        integrity: sha512-7XHNxH7qX9xG5mIwxkhumTox/MIRNcOgDrxWsMt2pAr23WHp6MrRlN7FBSFpCpr+oVO0F744iUgR82nJMfG2SA==,
      }

  get-east-asian-width@1.3.0:
    resolution:
      {
        integrity: sha512-vpeMIQKxczTD/0s2CdEWHcb0eeJe6TFjxb+J5xgX7hScxqrGuyjmv4c1D4A/gelKfyox0gJJwIHF+fLjeaM8kQ==,
      }
    engines: { node: '>=18' }

  get-intrinsic@1.3.0:
    resolution:
      {
        integrity: sha512-9fSjSaos/fRIVIp+xSJlE6lfwhES7LNtKaCBIamHsjr2na1BiABJPo0mOjjz8GJDURarmCPGqaiVg5mfjb98CQ==,
      }
    engines: { node: '>= 0.4' }

  get-proto@1.0.1:
    resolution:
      {
        integrity: sha512-sTSfBjoXBp89JvIKIefqw7U2CCebsc74kiY6awiGogKtoSGbgjYE/G/+l9sF3MWFPNc9IcoOC4ODfKHfxFmp0g==,
      }
    engines: { node: '>= 0.4' }

  gopd@1.2.0:
    resolution:
      {
        integrity: sha512-ZUKRh6/kUFoAiTAtTYPZJ3hw9wNxx+BIBOijnlG9PnrJsCcSjs1wyyD6vJpaYtgnzDrKYRSqf3OO6Rfa93xsRg==,
      }
    engines: { node: '>= 0.4' }

  has-symbols@1.1.0:
    resolution:
      {
        integrity: sha512-1cDNdwJ2Jaohmb3sg4OmKaMBwuC48sYni5HUw2DvsC8LjGTLK9h+eb1X6RyuOHe4hT0ULCW68iomhjUoKUqlPQ==,
      }
    engines: { node: '>= 0.4' }

  hasown@2.0.2:
    resolution:
      {
        integrity: sha512-0hJU9SCPvmMzIBdZFqNPXWa6dqh7WdH0cII9y+CyS8rG3nL48Bclra9HmKhVVUHyPWNH5Y7xDwAB7bfgSjkUMQ==,
      }
    engines: { node: '>= 0.4' }

  iconv-lite@0.4.24:
    resolution:
      {
        integrity: sha512-v3MXnZAcvnywkTUEZomIActle7RXXeedOR31wwl7VlyoXO4Qi9arvSenNQWne1TcRwhCL1HwLI21bEqdpj8/rA==,
      }
    engines: { node: '>=0.10.0' }

  inquirer@12.6.2:
    resolution:
      {
        integrity: sha512-bPQV0oGJTy3cKqgtY+PI8qpn1ig1yalY400I9fzg/YZcK1bpTZvpQJcPiJ0s+u0edOQlMv7NW/hguocx0/2CMg==,
      }
    engines: { node: '>=18' }
    peerDependencies:
      '@types/node': '>=18'
    peerDependenciesMeta:
      '@types/node':
        optional: true

  is-fullwidth-code-point@3.0.0:
    resolution:
      {
        integrity: sha512-zymm5+u+sCsSWyD9qNaejV3DFvhCKclKdizYaJUuHA83RLjb7nSuGnddCHGv0hk+KY7BMAlsWeK4Ueg6EV6XQg==,
      }
    engines: { node: '>=8' }

  is-interactive@2.0.0:
    resolution:
      {
        integrity: sha512-qP1vozQRI+BMOPcjFzrjXuQvdak2pHNUMZoeG2eRbiSqyvbEf/wQtEOTOX1guk6E3t36RkaqiSt8A/6YElNxLQ==,
      }
    engines: { node: '>=12' }

  is-unicode-supported@1.3.0:
    resolution:
      {
        integrity: sha512-43r2mRvz+8JRIKnWJ+3j8JtjRKZ6GmjzfaE/qiBJnikNnYv/6bagRJ1kUhNk8R5EX/GkobD+r+sfxCPJsiKBLQ==,
      }
    engines: { node: '>=12' }

  is-unicode-supported@2.1.0:
    resolution:
      {
        integrity: sha512-mE00Gnza5EEB3Ds0HfMyllZzbBrmLOX3vfWoj9A9PEnTfratQ/BcaJOuMhnkhjXvb2+FkY3VuHqtAGpTPmglFQ==,
      }
    engines: { node: '>=18' }

  lodash-es@4.17.21:
    resolution:
      {
        integrity: sha512-mKnC+QJ9pWVzv+C4/U3rRsHapFfHvQFoFB92e52xeyGMcX6/OlIl78je1u8vePzYZSkkogMPJ2yjxxsb89cxyw==,
      }

  log-symbols@6.0.0:
    resolution:
      {
        integrity: sha512-i24m8rpwhmPIS4zscNzK6MSEhk0DUWa/8iYQWxhffV8jkI4Phvs3F+quL5xvS0gdQR0FyTCMMH33Y78dDTzzIw==,
      }
    engines: { node: '>=18' }

  math-intrinsics@1.1.0:
    resolution:
      {
        integrity: sha512-/IXtbwEk5HTPyEwyKX6hGkYXxM9nbj64B+ilVJnC/R6B0pH5G4V3b0pVbL7DBj4tkhBAppbQUlf6F6Xl9LHu1g==,
      }
    engines: { node: '>= 0.4' }

  mimic-function@5.0.1:
    resolution:
      {
        integrity: sha512-VP79XUPxV2CigYP3jWwAUFSku2aKqBH7uTAapFWCBqutsbmDo96KY5o8uh6U+/YSIn5OxJnXp73beVkpqMIGhA==,
      }
    engines: { node: '>=18' }

  ms@2.1.3:
    resolution:
      {
        integrity: sha512-6FlzubTLZG3J2a/NVCAleEhjzq5oxgHyaCU9yYXvcLsvoVaHJq/s5xXI6/XXP6tz7R9xAOtHnSO/tXtF3WRTlA==,
      }

  mute-stream@2.0.0:
    resolution:
      {
        integrity: sha512-WWdIxpyjEn+FhQJQQv9aQAYlHoNVdzIzUySNV1gHUPDSdZJ3yZn7pAAbQcV7B56Mvu881q9FZV+0Vx2xC44VWA==,
      }
    engines: { node: ^18.17.0 || >=20.5.0 }

  object-inspect@1.13.4:
    resolution:
      {
        integrity: sha512-W67iLl4J2EXEGTbfeHCffrjDfitvLANg0UlX3wFUUSTx92KXRFegMHUVgSqE+wvhAbi4WqjGg9czysTV2Epbew==,
      }
    engines: { node: '>= 0.4' }

  onetime@7.0.0:
    resolution:
      {
        integrity: sha512-VXJjc87FScF88uafS3JllDgvAm+c/Slfz06lorj2uAY34rlUu0Nt+v8wreiImcrgAjjIHp1rXpTDlLOGw29WwQ==,
      }
    engines: { node: '>=18' }

  ora@8.2.0:
    resolution:
      {
        integrity: sha512-weP+BZ8MVNnlCm8c0Qdc1WSWq4Qn7I+9CJGm7Qali6g44e/PUzbjNqJX5NJ9ljlNMosfJvg1fKEGILklK9cwnw==,
      }
    engines: { node: '>=18' }

  os-tmpdir@1.0.2:
    resolution:
      {
        integrity: sha512-D2FR03Vir7FIu45XBY20mTb+/ZSWB00sjU9jdQXt83gDrI4Ztz5Fs7/yy74g2N5SVQY4xY1qDr4rNddwYRVX0g==,
      }
    engines: { node: '>=0.10.0' }

  picomatch-browser@2.2.6:
    resolution:
      {
        integrity: sha512-0ypsOQt9D4e3hziV8O4elD9uN0z/jtUEfxVRtNaAAtXIyUx9m/SzlO020i8YNL2aL/E6blOvvHQcin6HZlFy/w==,
      }
    engines: { node: '>=8.6' }

  qs@6.14.0:
    resolution:
      {
        integrity: sha512-YWWTjgABSKcvs/nWBi9PycY/JiPJqOD4JA6o9Sej2AtvSGarXxKC3OQSk4pAarbdQlKAh5D4FCQkJNkW+GAn3w==,
      }
    engines: { node: '>=0.6' }

  rate-limiter-flexible@4.0.1:
    resolution:
      {
        integrity: sha512-2/dGHpDFpeA0+755oUkW+EKyklqLS9lu0go9pDsbhqQjZcxfRyJ6LA4JI0+HAdZ2bemD/oOjUeZQB2lCZqXQfQ==,
      }

  restore-cursor@5.1.0:
    resolution:
      {
        integrity: sha512-oMA2dcrw6u0YfxJQXm342bFKX/E4sG9rbTzO9ptUcR/e8A33cHuvStiYOwH7fszkZlZ1z/ta9AAoPk2F4qIOHA==,
      }
    engines: { node: '>=18' }

  run-async@3.0.0:
    resolution:
      {
        integrity: sha512-540WwVDOMxA6dN6We19EcT9sc3hkXPw5mzRNGM3FkdN/vtE9NFvj5lFAPNwUDmJjXidm3v7TC1cTE7t17Ulm1Q==,
      }
    engines: { node: '>=0.12.0' }

  rxjs@7.8.2:
    resolution:
      {
        integrity: sha512-dhKf903U/PQZY6boNNtAGdWbG85WAbjT/1xYoZIC7FAY0yWapOBQVsVrDl58W86//e1VpMNBtRV4MaXfdMySFA==,
      }

  safer-buffer@2.1.2:
    resolution:
      {
        integrity: sha512-YZo3K82SD7Riyi0E1EQPojLz7kpepnSQI9IyPbHHg1XXXevb5dJI7tpyN2ADxGcQbHG7vcyRHk0cbwqcQriUtg==,
      }

  side-channel-list@1.0.0:
    resolution:
      {
        integrity: sha512-FCLHtRD/gnpCiCHEiJLOwdmFP+wzCmDEkc9y7NsYxeF4u7Btsn1ZuwgwJGxImImHicJArLP4R0yX4c2KCrMrTA==,
      }
    engines: { node: '>= 0.4' }

  side-channel-map@1.0.1:
    resolution:
      {
        integrity: sha512-VCjCNfgMsby3tTdo02nbjtM/ewra6jPHmpThenkTYh8pG9ucZ/1P8So4u4FGBek/BjpOVsDCMoLA/iuBKIFXRA==,
      }
    engines: { node: '>= 0.4' }

  side-channel-weakmap@1.0.2:
    resolution:
      {
        integrity: sha512-WPS/HvHQTYnHisLo9McqBHOJk2FkHO/tlpvldyrnem4aeQp4hai3gythswg6p01oSoTl58rcpiFAjF2br2Ak2A==,
      }
    engines: { node: '>= 0.4' }

  side-channel@1.1.0:
    resolution:
      {
        integrity: sha512-ZX99e6tRweoUXqR+VBrslhda51Nh5MTQwou5tnUDgbtyM0dBgmhEDtWGP/xbKn6hqfPRHujUNwz5fy/wbbhnpw==,
      }
    engines: { node: '>= 0.4' }

  signal-exit@4.1.0:
    resolution:
      {
        integrity: sha512-bzyZ1e88w9O1iNJbKnOlvYTrWPDl46O1bG0D3XInv+9tkPrxrN8jUUTiFlDkkmKWgn1M6CfIA13SuGqOa9Korw==,
      }
    engines: { node: '>=14' }

  stdin-discarder@0.2.2:
    resolution:
      {
        integrity: sha512-UhDfHmA92YAlNnCfhmq0VeNL5bDbiZGg7sZ2IvPsXubGkiNa9EC+tUTsjBRsYUAz87btI6/1wf4XoVvQ3uRnmQ==,
      }
    engines: { node: '>=18' }

  string-width@4.2.3:
    resolution:
      {
        integrity: sha512-wKyQRQpjJ0sIp62ErSZdGsjMJWsap5oRNihHhu6G7JVO/9jIB6UyevL+tXuOqrng8j/cxKTWyWUwvSTriiZz/g==,
      }
    engines: { node: '>=8' }

  string-width@7.2.0:
    resolution:
      {
        integrity: sha512-tsaTIkKW9b4N+AEj+SVA+WhJzV7/zMhcSu78mLKWSk7cXMOSHsBKFWUs0fWwq8QyK3MgJBQRX6Gbi4kYbdvGkQ==,
      }
    engines: { node: '>=18' }

  strip-ansi@6.0.1:
    resolution:
      {
        integrity: sha512-Y38VPSHcqkFrCpFnQ9vuSXmquuv5oXOKpGeT6aGrr3o3Gc9AlVa6JBfUSOCnbxGGZF+/0ooI7KrPuUSztUdU5A==,
      }
    engines: { node: '>=8' }

  strip-ansi@7.1.0:
    resolution:
      {
        integrity: sha512-iq6eVVI64nQQTRYq2KtEg2d2uU7LElhTJwsH4YzIHZshxlgZms/wIc4VoDQTlG/IvVIrBKG06CrZnp0qv7hkcQ==,
      }
    engines: { node: '>=12' }

  tmp@0.0.33:
    resolution:
      {
        integrity: sha512-jRCJlojKnZ3addtTOjdIqoRuPEKBvNXcGYqzO6zWZX8KfKEpnGY5jfggJQ3EjKuu8D4bJRr0y+cYJFmYbImXGw==,
      }
    engines: { node: '>=0.6.0' }

  tslib@2.8.1:
    resolution:
      {
        integrity: sha512-oJFu94HQb+KVduSUQL7wnpmqnfmLsOA/nAh6b6EH0wCEoK0/mPeXU6c3wKDV83MkOuHPRHtSXKKU99IBazS/2w==,
      }

  type-fest@0.21.3:
    resolution:
      {
        integrity: sha512-t0rzBq87m3fVcduHDUFhKmyyX+9eo6WQjZvf51Ea/M0Q7+T374Jp1aUiyUl0GKxp8M/OETVHSDvmkyPgvX+X2w==,
      }
    engines: { node: '>=10' }

  wrap-ansi@6.2.0:
    resolution:
      {
        integrity: sha512-r6lPcBGxZXlIcymEu7InxDMhdW0KDxpLgoFLcguasxCaJ/SOIZwINatK9KY/tf+ZrlywOKU0UDj3ATXUBfxJXA==,
      }
    engines: { node: '>=8' }

  xcase@2.0.1:
    resolution:
      {
        integrity: sha512-UmFXIPU+9Eg3E9m/728Bii0lAIuoc+6nbrNUKaRPJOFp91ih44qqGlWtxMB6kXFrRD6po+86ksHM5XHCfk6iPw==,
      }

  yaml@2.8.0:
    resolution:
      {
        integrity: sha512-4lLa/EcQCB0cJkyts+FpIRx5G/llPxfP6VQU5KByHEhLxY3IJCH0f0Hy1MHI8sClTvsIb8qwRJ6R/ZdlDJ/leQ==,
      }
    engines: { node: '>= 14.6' }
    hasBin: true

  yoctocolors-cjs@2.1.2:
    resolution:
      {
        integrity: sha512-cYVsTjKl8b+FrnidjibDWskAv7UKOfcwaVZdp/it9n1s9fU3IkgDbhdIRKCW4JDsAlECJY0ytoVPT3sK6kideA==,
      }
    engines: { node: '>=18' }

  zod@3.25.28:
    resolution:
      {
        integrity: sha512-/nt/67WYKnr5by3YS7LroZJbtcCBurDKKPBPWWzaxvVCGuG/NOsiKkrjoOhI8mJ+SQUXEbUzeB3S+6XDUEEj7Q==,
      }

snapshots:
  '@gitbeaker/core@42.5.0':
    dependencies:
      '@gitbeaker/requester-utils': 42.5.0
      qs: 6.14.0
      xcase: 2.0.1

  '@gitbeaker/requester-utils@42.5.0':
    dependencies:
      picomatch-browser: 2.2.6
      qs: 6.14.0
      rate-limiter-flexible: 4.0.1
      xcase: 2.0.1

  '@gitbeaker/rest@42.5.0':
    dependencies:
      '@gitbeaker/core': 42.5.0
      '@gitbeaker/requester-utils': 42.5.0

  '@inquirer/checkbox@4.1.7':
    dependencies:
      '@inquirer/core': 10.1.12
      '@inquirer/figures': 1.0.12
      '@inquirer/type': 3.0.7
      ansi-escapes: 4.3.2
      yoctocolors-cjs: 2.1.2

  '@inquirer/confirm@5.1.11':
    dependencies:
      '@inquirer/core': 10.1.12
      '@inquirer/type': 3.0.7

  '@inquirer/core@10.1.12':
    dependencies:
      '@inquirer/figures': 1.0.12
      '@inquirer/type': 3.0.7
      ansi-escapes: 4.3.2
      cli-width: 4.1.0
      mute-stream: 2.0.0
      signal-exit: 4.1.0
      wrap-ansi: 6.2.0
      yoctocolors-cjs: 2.1.2

  '@inquirer/editor@4.2.12':
    dependencies:
      '@inquirer/core': 10.1.12
      '@inquirer/type': 3.0.7
      external-editor: 3.1.0

  '@inquirer/expand@4.0.14':
    dependencies:
      '@inquirer/core': 10.1.12
      '@inquirer/type': 3.0.7
      yoctocolors-cjs: 2.1.2

  '@inquirer/figures@1.0.12': {}

  '@inquirer/input@4.1.11':
    dependencies:
      '@inquirer/core': 10.1.12
      '@inquirer/type': 3.0.7

  '@inquirer/number@3.0.14':
    dependencies:
      '@inquirer/core': 10.1.12
      '@inquirer/type': 3.0.7

  '@inquirer/password@4.0.14':
    dependencies:
      '@inquirer/core': 10.1.12
      '@inquirer/type': 3.0.7
      ansi-escapes: 4.3.2

  '@inquirer/prompts@7.5.2':
    dependencies:
      '@inquirer/checkbox': 4.1.7
      '@inquirer/confirm': 5.1.11
      '@inquirer/editor': 4.2.12
      '@inquirer/expand': 4.0.14
      '@inquirer/input': 4.1.11
      '@inquirer/number': 3.0.14
      '@inquirer/password': 4.0.14
      '@inquirer/rawlist': 4.1.2
      '@inquirer/search': 3.0.14
      '@inquirer/select': 4.2.2

  '@inquirer/rawlist@4.1.2':
    dependencies:
      '@inquirer/core': 10.1.12
      '@inquirer/type': 3.0.7
      yoctocolors-cjs: 2.1.2

  '@inquirer/search@3.0.14':
    dependencies:
      '@inquirer/core': 10.1.12
      '@inquirer/figures': 1.0.12
      '@inquirer/type': 3.0.7
      yoctocolors-cjs: 2.1.2

  '@inquirer/select@4.2.2':
    dependencies:
      '@inquirer/core': 10.1.12
      '@inquirer/figures': 1.0.12
      '@inquirer/type': 3.0.7
      ansi-escapes: 4.3.2
      yoctocolors-cjs: 2.1.2

  '@inquirer/type@3.0.7': {}

  ansi-escapes@4.3.2:
    dependencies:
      type-fest: 0.21.3

  ansi-regex@5.0.1: {}

  ansi-regex@6.1.0: {}

  ansi-styles@4.3.0:
    dependencies:
      color-convert: 2.0.1

  call-bind-apply-helpers@1.0.2:
    dependencies:
      es-errors: 1.3.0
      function-bind: 1.1.2

  call-bound@1.0.4:
    dependencies:
      call-bind-apply-helpers: 1.0.2
      get-intrinsic: 1.3.0

  chalk@5.4.1: {}

  chardet@0.7.0: {}

  cli-cursor@5.0.0:
    dependencies:
      restore-cursor: 5.1.0

  cli-spinners@2.9.2: {}

  cli-width@4.1.0: {}

  color-convert@2.0.1:
    dependencies:
      color-name: 1.1.4

  color-name@1.1.4: {}

  commander@14.0.0: {}

  date-fns@4.1.0: {}

  debug@4.4.1:
    dependencies:
      ms: 2.1.3

  dunder-proto@1.0.1:
    dependencies:
      call-bind-apply-helpers: 1.0.2
      es-errors: 1.3.0
      gopd: 1.2.0

  emoji-regex@10.4.0: {}

  emoji-regex@8.0.0: {}

  es-define-property@1.0.1: {}

  es-errors@1.3.0: {}

  es-object-atoms@1.1.1:
    dependencies:
      es-errors: 1.3.0

  external-editor@3.1.0:
    dependencies:
      chardet: 0.7.0
      iconv-lite: 0.4.24
      tmp: 0.0.33

  function-bind@1.1.2: {}

  get-east-asian-width@1.3.0: {}

  get-intrinsic@1.3.0:
    dependencies:
      call-bind-apply-helpers: 1.0.2
      es-define-property: 1.0.1
      es-errors: 1.3.0
      es-object-atoms: 1.1.1
      function-bind: 1.1.2
      get-proto: 1.0.1
      gopd: 1.2.0
      has-symbols: 1.1.0
      hasown: 2.0.2
      math-intrinsics: 1.1.0

  get-proto@1.0.1:
    dependencies:
      dunder-proto: 1.0.1
      es-object-atoms: 1.1.1

  gopd@1.2.0: {}

  has-symbols@1.1.0: {}

  hasown@2.0.2:
    dependencies:
      function-bind: 1.1.2

  iconv-lite@0.4.24:
    dependencies:
      safer-buffer: 2.1.2

  inquirer@12.6.2:
    dependencies:
      '@inquirer/core': 10.1.12
      '@inquirer/prompts': 7.5.2
      '@inquirer/type': 3.0.7
      ansi-escapes: 4.3.2
      mute-stream: 2.0.0
      run-async: 3.0.0
      rxjs: 7.8.2

  is-fullwidth-code-point@3.0.0: {}

  is-interactive@2.0.0: {}

  is-unicode-supported@1.3.0: {}

  is-unicode-supported@2.1.0: {}

  lodash-es@4.17.21: {}

  log-symbols@6.0.0:
    dependencies:
      chalk: 5.4.1
      is-unicode-supported: 1.3.0

  math-intrinsics@1.1.0: {}

  mimic-function@5.0.1: {}

  ms@2.1.3: {}

  mute-stream@2.0.0: {}

  object-inspect@1.13.4: {}

  onetime@7.0.0:
    dependencies:
      mimic-function: 5.0.1

  ora@8.2.0:
    dependencies:
      chalk: 5.4.1
      cli-cursor: 5.0.0
      cli-spinners: 2.9.2
      is-interactive: 2.0.0
      is-unicode-supported: 2.1.0
      log-symbols: 6.0.0
      stdin-discarder: 0.2.2
      string-width: 7.2.0
      strip-ansi: 7.1.0

  os-tmpdir@1.0.2: {}

  picomatch-browser@2.2.6: {}

  qs@6.14.0:
    dependencies:
      side-channel: 1.1.0

  rate-limiter-flexible@4.0.1: {}

  restore-cursor@5.1.0:
    dependencies:
      onetime: 7.0.0
      signal-exit: 4.1.0

  run-async@3.0.0: {}

  rxjs@7.8.2:
    dependencies:
      tslib: 2.8.1

  safer-buffer@2.1.2: {}

  side-channel-list@1.0.0:
    dependencies:
      es-errors: 1.3.0
      object-inspect: 1.13.4

  side-channel-map@1.0.1:
    dependencies:
      call-bound: 1.0.4
      es-errors: 1.3.0
      get-intrinsic: 1.3.0
      object-inspect: 1.13.4

  side-channel-weakmap@1.0.2:
    dependencies:
      call-bound: 1.0.4
      es-errors: 1.3.0
      get-intrinsic: 1.3.0
      object-inspect: 1.13.4
      side-channel-map: 1.0.1

  side-channel@1.1.0:
    dependencies:
      es-errors: 1.3.0
      object-inspect: 1.13.4
      side-channel-list: 1.0.0
      side-channel-map: 1.0.1
      side-channel-weakmap: 1.0.2

  signal-exit@4.1.0: {}

  stdin-discarder@0.2.2: {}

  string-width@4.2.3:
    dependencies:
      emoji-regex: 8.0.0
      is-fullwidth-code-point: 3.0.0
      strip-ansi: 6.0.1

  string-width@7.2.0:
    dependencies:
      emoji-regex: 10.4.0
      get-east-asian-width: 1.3.0
      strip-ansi: 7.1.0

  strip-ansi@6.0.1:
    dependencies:
      ansi-regex: 5.0.1

  strip-ansi@7.1.0:
    dependencies:
      ansi-regex: 6.1.0

  tmp@0.0.33:
    dependencies:
      os-tmpdir: 1.0.2

  tslib@2.8.1: {}

  type-fest@0.21.3: {}

  wrap-ansi@6.2.0:
    dependencies:
      ansi-styles: 4.3.0
      string-width: 4.2.3
      strip-ansi: 6.0.1

  xcase@2.0.1: {}

  yaml@2.8.0: {}

  yoctocolors-cjs@2.1.2: {}

  zod@3.25.28: {}
